// !$*UTF8*$!
{
	archiveVersion = 1;
	classes = {
	};
	objectVersion = 56;
	objects = {

/* Begin PBXBuildFile section */
		AE5E4DDC2A3F560F00C66C0A /* app_delegate.m in Sources */ = {isa = PBXBuildFile; fileRef = AE5E4DDB2A3F560F00C66C0A /* app_delegate.m */; };
		AE5E4DDF2A3F560F00C66C0A /* view_controller.m in Sources */ = {isa = PBXBuildFile; fileRef = AE5E4DDE2A3F560F00C66C0A /* view_controller.m */; };
		AE5E4DE12A3F561100C66C0A /* Assets.xcassets in Resources */ = {isa = PBXBuildFile; fileRef = AE5E4DE02A3F561100C66C0A /* Assets.xcassets */; };
		AE5E4DE42A3F561100C66C0A /* Main.storyboard in Resources */ = {isa = PBXBuildFile; fileRef = AE5E4DE22A3F561100C66C0A /* Main.storyboard */; };
		AE5E4DE62A3F561100C66C0A /* main.m in Sources */ = {isa = PBXBuildFile; fileRef = AE5E4DE52A3F561100C66C0A /* main.m */; };
		AE5E4DEE2A3F574C00C66C0A /* metal_bindings.m in Sources */ = {isa = PBXBuildFile; fileRef = AE5E4DED2A3F574C00C66C0A /* metal_bindings.m */; settings = {COMPILER_FLAGS = "-fno-objc-arc"; }; };
		AE5E4DF32A3F701E00C66C0A /* Metal.framework in Frameworks */ = {isa = PBXBuildFile; fileRef = AE5E4DF12A3F701E00C66C0A /* Metal.framework */; };
		AE5E4DF42A3F701E00C66C0A /* MetalKit.framework in Frameworks */ = {isa = PBXBuildFile; fileRef = AE5E4DF22A3F701E00C66C0A /* MetalKit.framework */; };
		AE5E4DF62A3F703600C66C0A /* libzig.a in Frameworks */ = {isa = PBXBuildFile; fileRef = AE5E4DF52A3F702800C66C0A /* libzig.a */; };
		AE5E4DF92A3F7E5900C66C0A /* some_shaders.metal in Sources */ = {isa = PBXBuildFile; fileRef = AE5E4DF82A3F7E5900C66C0A /* some_shaders.metal */; };
		AE5E4DFB2A3FB04100C66C0A /* nemo_view_delegate.m in Sources */ = {isa = PBXBuildFile; fileRef = AE5E4DFA2A3FB04100C66C0A /* nemo_view_delegate.m */; };
		AE5E4DFE2A3FB41700C66C0A /* nemo_view.m in Sources */ = {isa = PBXBuildFile; fileRef = AE5E4DFD2A3FB41700C66C0A /* nemo_view.m */; };
/* End PBXBuildFile section */

/* Begin PBXFileReference section */
		AE5E4DD72A3F560F00C66C0A /* nemosprite.app */ = {isa = PBXFileReference; explicitFileType = wrapper.application; includeInIndex = 0; path = nemosprite.app; sourceTree = BUILT_PRODUCTS_DIR; };
		AE5E4DDA2A3F560F00C66C0A /* app_delegate.h */ = {isa = PBXFileReference; lastKnownFileType = sourcecode.c.h; path = app_delegate.h; sourceTree = "<group>"; };
		AE5E4DDB2A3F560F00C66C0A /* app_delegate.m */ = {isa = PBXFileReference; lastKnownFileType = sourcecode.c.objc; path = app_delegate.m; sourceTree = "<group>"; };
		AE5E4DDD2A3F560F00C66C0A /* view_controller.h */ = {isa = PBXFileReference; lastKnownFileType = sourcecode.c.h; path = view_controller.h; sourceTree = "<group>"; };
		AE5E4DDE2A3F560F00C66C0A /* view_controller.m */ = {isa = PBXFileReference; lastKnownFileType = sourcecode.c.objc; path = view_controller.m; sourceTree = "<group>"; };
		AE5E4DE02A3F561100C66C0A /* Assets.xcassets */ = {isa = PBXFileReference; lastKnownFileType = folder.assetcatalog; path = Assets.xcassets; sourceTree = "<group>"; };
		AE5E4DE32A3F561100C66C0A /* Base */ = {isa = PBXFileReference; lastKnownFileType = file.storyboard; name = Base; path = Base.lproj/Main.storyboard; sourceTree = "<group>"; };
		AE5E4DE52A3F561100C66C0A /* main.m */ = {isa = PBXFileReference; lastKnownFileType = sourcecode.c.objc; path = main.m; sourceTree = "<group>"; };
		AE5E4DE72A3F561100C66C0A /* nemosprite.entitlements */ = {isa = PBXFileReference; lastKnownFileType = text.plist.entitlements; path = nemosprite.entitlements; sourceTree = "<group>"; };
		AE5E4DED2A3F574C00C66C0A /* metal_bindings.m */ = {isa = PBXFileReference; lastKnownFileType = sourcecode.c.objc; path = metal_bindings.m; sourceTree = "<group>"; };
		AE5E4DEF2A3F575D00C66C0A /* metal_bindings.h */ = {isa = PBXFileReference; lastKnownFileType = sourcecode.c.h; path = metal_bindings.h; sourceTree = "<group>"; };
		AE5E4DF12A3F701E00C66C0A /* Metal.framework */ = {isa = PBXFileReference; lastKnownFileType = wrapper.framework; name = Metal.framework; path = System/Library/Frameworks/Metal.framework; sourceTree = SDKROOT; };
		AE5E4DF22A3F701E00C66C0A /* MetalKit.framework */ = {isa = PBXFileReference; lastKnownFileType = wrapper.framework; name = MetalKit.framework; path = System/Library/Frameworks/MetalKit.framework; sourceTree = SDKROOT; };
		AE5E4DF52A3F702800C66C0A /* libzig.a */ = {isa = PBXFileReference; lastKnownFileType = archive.ar; name = libzig.a; path = "zig/zig-out/lib/libzig.a"; sourceTree = "<group>"; };
		AE5E4DF82A3F7E5900C66C0A /* some_shaders.metal */ = {isa = PBXFileReference; lastKnownFileType = sourcecode.metal; path = some_shaders.metal; sourceTree = "<group>"; };
		AE5E4DFA2A3FB04100C66C0A /* nemo_view_delegate.m */ = {isa = PBXFileReference; lastKnownFileType = sourcecode.c.objc; path = nemo_view_delegate.m; sourceTree = "<group>"; };
		AE5E4DFC2A3FB05300C66C0A /* nemo_view_delegate.h */ = {isa = PBXFileReference; lastKnownFileType = sourcecode.c.h; path = nemo_view_delegate.h; sourceTree = "<group>"; };
		AE5E4DFD2A3FB41700C66C0A /* nemo_view.m */ = {isa = PBXFileReference; lastKnownFileType = sourcecode.c.objc; path = nemo_view.m; sourceTree = "<group>"; };
		AE5E4DFF2A3FB42300C66C0A /* nemo_view.h */ = {isa = PBXFileReference; lastKnownFileType = sourcecode.c.h; path = nemo_view.h; sourceTree = "<group>"; };
/* End PBXFileReference section */

/* Begin PBXFrameworksBuildPhase section */
		AE5E4DD42A3F560F00C66C0A /* Frameworks */ = {
			isa = PBXFrameworksBuildPhase;
			buildActionMask = 2147483647;
			files = (
				AE5E4DF62A3F703600C66C0A /* libzig.a in Frameworks */,
				AE5E4DF32A3F701E00C66C0A /* Metal.framework in Frameworks */,
				AE5E4DF42A3F701E00C66C0A /* MetalKit.framework in Frameworks */,
			);
			runOnlyForDeploymentPostprocessing = 0;
		};
/* End PBXFrameworksBuildPhase section */

/* Begin PBXGroup section */
		AE5E4DCE2A3F560F00C66C0A = {
			isa = PBXGroup;
			children = (
				AE5E4DD92A3F560F00C66C0A /* macos */,
				AE5E4DD82A3F560F00C66C0A /* Products */,
				AE5E4DF02A3F701E00C66C0A /* Frameworks */,
			);
			sourceTree = "<group>";
		};
		AE5E4DD82A3F560F00C66C0A /* Products */ = {
			isa = PBXGroup;
			children = (
				AE5E4DD72A3F560F00C66C0A /* nemosprite.app */,
			);
			name = Products;
			sourceTree = "<group>";
		};
		AE5E4DD92A3F560F00C66C0A /* macos */ = {
			isa = PBXGroup;
			children = (
				AE5E4DDA2A3F560F00C66C0A /* app_delegate.h */,
				AE5E4DDB2A3F560F00C66C0A /* app_delegate.m */,
				AE5E4DDD2A3F560F00C66C0A /* view_controller.h */,
				AE5E4DDE2A3F560F00C66C0A /* view_controller.m */,
				AE5E4DFD2A3FB41700C66C0A /* nemo_view.m */,
				AE5E4DFF2A3FB42300C66C0A /* nemo_view.h */,
				AE5E4DE52A3F561100C66C0A /* main.m */,
				AE5E4DED2A3F574C00C66C0A /* metal_bindings.m */,
				AE5E4DEF2A3F575D00C66C0A /* metal_bindings.h */,
				AE5E4DFA2A3FB04100C66C0A /* nemo_view_delegate.m */,
				AE5E4DFC2A3FB05300C66C0A /* nemo_view_delegate.h */,
				AE5E4DF82A3F7E5900C66C0A /* some_shaders.metal */,
				AE5E4DE02A3F561100C66C0A /* Assets.xcassets */,
				AE5E4DE22A3F561100C66C0A /* Main.storyboard */,
				AE5E4DE72A3F561100C66C0A /* nemosprite.entitlements */,
			);
			path = macos;
			sourceTree = "<group>";
		};
		AE5E4DF02A3F701E00C66C0A /* Frameworks */ = {
			isa = PBXGroup;
			children = (
				AE5E4DF52A3F702800C66C0A /* libzig.a */,
				AE5E4DF12A3F701E00C66C0A /* Metal.framework */,
				AE5E4DF22A3F701E00C66C0A /* MetalKit.framework */,
			);
			name = Frameworks;
			sourceTree = "<group>";
		};
/* End PBXGroup section */

/* Begin PBXNativeTarget section */
		AE5E4DD62A3F560F00C66C0A /* nemosprite */ = {
			isa = PBXNativeTarget;
			buildConfigurationList = AE5E4DEA2A3F561100C66C0A /* Build configuration list for PBXNativeTarget "nemosprite" */;
			buildPhases = (
				AE5E4DF72A3F70E400C66C0A /* ShellScript */,
				AE5E4DD32A3F560F00C66C0A /* Sources */,
				AE5E4DD42A3F560F00C66C0A /* Frameworks */,
				AE5E4DD52A3F560F00C66C0A /* Resources */,
			);
			buildRules = (
			);
			dependencies = (
			);
			name = nemosprite;
			productName = nemosprite;
			productReference = AE5E4DD72A3F560F00C66C0A /* nemosprite.app */;
			productType = "com.apple.product-type.application";
		};
/* End PBXNativeTarget section */

/* Begin PBXProject section */
		AE5E4DCF2A3F560F00C66C0A /* Project object */ = {
			isa = PBXProject;
			attributes = {
				BuildIndependentTargetsInParallel = 1;
				LastUpgradeCheck = 1430;
				TargetAttributes = {
					AE5E4DD62A3F560F00C66C0A = {
						CreatedOnToolsVersion = 14.3;
					};
				};
			};
			buildConfigurationList = AE5E4DD22A3F560F00C66C0A /* Build configuration list for PBXProject "nemosprite" */;
			compatibilityVersion = "Xcode 14.0";
			developmentRegion = en;
			hasScannedForEncodings = 0;
			knownRegions = (
				en,
				Base,
			);
			mainGroup = AE5E4DCE2A3F560F00C66C0A;
			productRefGroup = AE5E4DD82A3F560F00C66C0A /* Products */;
			projectDirPath = "";
			projectRoot = "";
			targets = (
				AE5E4DD62A3F560F00C66C0A /* nemosprite */,
			);
		};
/* End PBXProject section */

/* Begin PBXResourcesBuildPhase section */
		AE5E4DD52A3F560F00C66C0A /* Resources */ = {
			isa = PBXResourcesBuildPhase;
			buildActionMask = 2147483647;
			files = (
				AE5E4DE12A3F561100C66C0A /* Assets.xcassets in Resources */,
				AE5E4DE42A3F561100C66C0A /* Main.storyboard in Resources */,
			);
			runOnlyForDeploymentPostprocessing = 0;
		};
/* End PBXResourcesBuildPhase section */

/* Begin PBXShellScriptBuildPhase section */
		AE5E4DF72A3F70E400C66C0A /* ShellScript */ = {
			isa = PBXShellScriptBuildPhase;
			alwaysOutOfDate = 1;
			buildActionMask = 2147483647;
			files = (
			);
			inputFileListPaths = (
			);
			inputPaths = (
			);
			outputFileListPaths = (
			);
			outputPaths = (
			);
			runOnlyForDeploymentPostprocessing = 0;
			shellPath = "/usr/bin/env bash";
			shellScript = "# Type a script or drag a script file from your workspace to insert its path.\nZIG=$HOME/.local/bin/zig\ncd $SRCROOT/zig\n$ZIG build -Dtarget=aarch64-macos\n";
		};
/* End PBXShellScriptBuildPhase section */

/* Begin PBXSourcesBuildPhase section */
		AE5E4DD32A3F560F00C66C0A /* Sources */ = {
			isa = PBXSourcesBuildPhase;
			buildActionMask = 2147483647;
			files = (
				AE5E4DFE2A3FB41700C66C0A /* nemo_view.m in Sources */,
				AE5E4DDF2A3F560F00C66C0A /* view_controller.m in Sources */,
				AE5E4DE62A3F561100C66C0A /* main.m in Sources */,
				AE5E4DFB2A3FB04100C66C0A /* nemo_view_delegate.m in Sources */,
				AE5E4DDC2A3F560F00C66C0A /* app_delegate.m in Sources */,
				AE5E4DF92A3F7E5900C66C0A /* some_shaders.metal in Sources */,
				AE5E4DEE2A3F574C00C66C0A /* metal_bindings.m in Sources */,
			);
			runOnlyForDeploymentPostprocessing = 0;
		};
/* End PBXSourcesBuildPhase section */

/* Begin PBXVariantGroup section */
		AE5E4DE22A3F561100C66C0A /* Main.storyboard */ = {
			isa = PBXVariantGroup;
			children = (
				AE5E4DE32A3F561100C66C0A /* Base */,
			);
			name = Main.storyboard;
			sourceTree = "<group>";
		};
/* End PBXVariantGroup section */

/* Begin XCBuildConfiguration section */
		AE5E4DE82A3F561100C66C0A /* Debug */ = {
			isa = XCBuildConfiguration;
			buildSettings = {
				ALWAYS_SEARCH_USER_PATHS = NO;
				CLANG_ANALYZER_NONNULL = YES;
				CLANG_ANALYZER_NUMBER_OBJECT_CONVERSION = YES_AGGRESSIVE;
				CLANG_CXX_LANGUAGE_STANDARD = "gnu++20";
				CLANG_ENABLE_MODULES = YES;
				CLANG_ENABLE_OBJC_ARC = YES;
				CLANG_ENABLE_OBJC_WEAK = YES;
				CLANG_WARN_BLOCK_CAPTURE_AUTORELEASING = YES;
				CLANG_WARN_BOOL_CONVERSION = YES;
				CLANG_WARN_COMMA = YES;
				CLANG_WARN_CONSTANT_CONVERSION = YES;
				CLANG_WARN_DEPRECATED_OBJC_IMPLEMENTATIONS = YES;
				CLANG_WARN_DIRECT_OBJC_ISA_USAGE = YES_ERROR;
				CLANG_WARN_DOCUMENTATION_COMMENTS = YES;
				CLANG_WARN_EMPTY_BODY = YES;
				CLANG_WARN_ENUM_CONVERSION = YES;
				CLANG_WARN_INFINITE_RECURSION = YES;
				CLANG_WARN_INT_CONVERSION = YES;
				CLANG_WARN_NON_LITERAL_NULL_CONVERSION = YES;
				CLANG_WARN_OBJC_IMPLICIT_RETAIN_SELF = YES;
				CLANG_WARN_OBJC_LITERAL_CONVERSION = YES;
				CLANG_WARN_OBJC_ROOT_CLASS = YES_ERROR;
				CLANG_WARN_QUOTED_INCLUDE_IN_FRAMEWORK_HEADER = YES;
				CLANG_WARN_RANGE_LOOP_ANALYSIS = YES;
				CLANG_WARN_STRICT_PROTOTYPES = YES;
				CLANG_WARN_SUSPICIOUS_MOVE = YES;
				CLANG_WARN_UNGUARDED_AVAILABILITY = YES_AGGRESSIVE;
				CLANG_WARN_UNREACHABLE_CODE = YES;
				CLANG_WARN__DUPLICATE_METHOD_MATCH = YES;
				COPY_PHASE_STRIP = NO;
				DEBUG_INFORMATION_FORMAT = dwarf;
				ENABLE_STRICT_OBJC_MSGSEND = YES;
				ENABLE_TESTABILITY = YES;
				GCC_C_LANGUAGE_STANDARD = gnu11;
				GCC_DYNAMIC_NO_PIC = NO;
				GCC_NO_COMMON_BLOCKS = YES;
				GCC_OPTIMIZATION_LEVEL = 0;
				GCC_PREPROCESSOR_DEFINITIONS = (
					"DEBUG=1",
					"$(inherited)",
				);
				GCC_WARN_64_TO_32_BIT_CONVERSION = YES;
				GCC_WARN_ABOUT_RETURN_TYPE = YES_ERROR;
				GCC_WARN_UNDECLARED_SELECTOR = YES;
				GCC_WARN_UNINITIALIZED_AUTOS = YES_AGGRESSIVE;
				GCC_WARN_UNUSED_FUNCTION = YES;
				GCC_WARN_UNUSED_VARIABLE = YES;
				MACOSX_DEPLOYMENT_TARGET = 13.3;
				MTL_ENABLE_DEBUG_INFO = INCLUDE_SOURCE;
				MTL_FAST_MATH = YES;
				ONLY_ACTIVE_ARCH = YES;
				SDKROOT = macosx;
			};
			name = Debug;
		};
		AE5E4DE92A3F561100C66C0A /* Release */ = {
			isa = XCBuildConfiguration;
			buildSettings = {
				ALWAYS_SEARCH_USER_PATHS = NO;
				CLANG_ANALYZER_NONNULL = YES;
				CLANG_ANALYZER_NUMBER_OBJECT_CONVERSION = YES_AGGRESSIVE;
				CLANG_CXX_LANGUAGE_STANDARD = "gnu++20";
				CLANG_ENABLE_MODULES = YES;
				CLANG_ENABLE_OBJC_ARC = YES;
				CLANG_ENABLE_OBJC_WEAK = YES;
				CLANG_WARN_BLOCK_CAPTURE_AUTORELEASING = YES;
				CLANG_WARN_BOOL_CONVERSION = YES;
				CLANG_WARN_COMMA = YES;
				CLANG_WARN_CONSTANT_CONVERSION = YES;
				CLANG_WARN_DEPRECATED_OBJC_IMPLEMENTATIONS = YES;
				CLANG_WARN_DIRECT_OBJC_ISA_USAGE = YES_ERROR;
				CLANG_WARN_DOCUMENTATION_COMMENTS = YES;
				CLANG_WARN_EMPTY_BODY = YES;
				CLANG_WARN_ENUM_CONVERSION = YES;
				CLANG_WARN_INFINITE_RECURSION = YES;
				CLANG_WARN_INT_CONVERSION = YES;
				CLANG_WARN_NON_LITERAL_NULL_CONVERSION = YES;
				CLANG_WARN_OBJC_IMPLICIT_RETAIN_SELF = YES;
				CLANG_WARN_OBJC_LITERAL_CONVERSION = YES;
				CLANG_WARN_OBJC_ROOT_CLASS = YES_ERROR;
				CLANG_WARN_QUOTED_INCLUDE_IN_FRAMEWORK_HEADER = YES;
				CLANG_WARN_RANGE_LOOP_ANALYSIS = YES;
				CLANG_WARN_STRICT_PROTOTYPES = YES;
				CLANG_WARN_SUSPICIOUS_MOVE = YES;
				CLANG_WARN_UNGUARDED_AVAILABILITY = YES_AGGRESSIVE;
				CLANG_WARN_UNREACHABLE_CODE = YES;
				CLANG_WARN__DUPLICATE_METHOD_MATCH = YES;
				COPY_PHASE_STRIP = NO;
				DEBUG_INFORMATION_FORMAT = "dwarf-with-dsym";
				ENABLE_NS_ASSERTIONS = NO;
				ENABLE_STRICT_OBJC_MSGSEND = YES;
				GCC_C_LANGUAGE_STANDARD = gnu11;
				GCC_NO_COMMON_BLOCKS = YES;
				GCC_WARN_64_TO_32_BIT_CONVERSION = YES;
				GCC_WARN_ABOUT_RETURN_TYPE = YES_ERROR;
				GCC_WARN_UNDECLARED_SELECTOR = YES;
				GCC_WARN_UNINITIALIZED_AUTOS = YES_AGGRESSIVE;
				GCC_WARN_UNUSED_FUNCTION = YES;
				GCC_WARN_UNUSED_VARIABLE = YES;
				MACOSX_DEPLOYMENT_TARGET = 13.3;
				MTL_ENABLE_DEBUG_INFO = NO;
				MTL_FAST_MATH = YES;
				SDKROOT = macosx;
			};
			name = Release;
		};
		AE5E4DEB2A3F561100C66C0A /* Debug */ = {
			isa = XCBuildConfiguration;
			buildSettings = {
				ASSETCATALOG_COMPILER_APPICON_NAME = AppIcon;
				ASSETCATALOG_COMPILER_GLOBAL_ACCENT_COLOR_NAME = AccentColor;
				CODE_SIGN_ENTITLEMENTS = macos/nemosprite.entitlements;
				CODE_SIGN_STYLE = Automatic;
				COMBINE_HIDPI_IMAGES = YES;
				CURRENT_PROJECT_VERSION = 1;
				DEVELOPMENT_TEAM = F325FKC3ZQ;
				ENABLE_HARDENED_RUNTIME = YES;
				GENERATE_INFOPLIST_FILE = YES;
				INFOPLIST_KEY_NSHumanReadableCopyright = "";
				INFOPLIST_KEY_NSMainStoryboardFile = Main;
				INFOPLIST_KEY_NSPrincipalClass = NSApplication;
				LD_RUNPATH_SEARCH_PATHS = (
					"$(inherited)",
					"@executable_path/../Frameworks",
				);
				LIBRARY_SEARCH_PATHS = (
					"$(inherited)",
					"$(PROJECT_DIR)/zig/zig-out/lib",
				);
				MARKETING_VERSION = 1.0;
				PRODUCT_BUNDLE_IDENTIFIER = com.dmbfm.nemosprite;
				PRODUCT_NAME = "$(TARGET_NAME)";
				SWIFT_EMIT_LOC_STRINGS = YES;
			};
			name = Debug;
		};
		AE5E4DEC2A3F561100C66C0A /* Release */ = {
			isa = XCBuildConfiguration;
			buildSettings = {
				ASSETCATALOG_COMPILER_APPICON_NAME = AppIcon;
				ASSETCATALOG_COMPILER_GLOBAL_ACCENT_COLOR_NAME = AccentColor;
				CODE_SIGN_ENTITLEMENTS = macos/nemosprite.entitlements;
				CODE_SIGN_STYLE = Automatic;
				COMBINE_HIDPI_IMAGES = YES;
				CURRENT_PROJECT_VERSION = 1;
				DEVELOPMENT_TEAM = F325FKC3ZQ;
				ENABLE_HARDENED_RUNTIME = YES;
				GENERATE_INFOPLIST_FILE = YES;
				INFOPLIST_KEY_NSHumanReadableCopyright = "";
				INFOPLIST_KEY_NSMainStoryboardFile = Main;
				INFOPLIST_KEY_NSPrincipalClass = NSApplication;
				LD_RUNPATH_SEARCH_PATHS = (
					"$(inherited)",
					"@executable_path/../Frameworks",
				);
				LIBRARY_SEARCH_PATHS = (
					"$(inherited)",
					"$(PROJECT_DIR)/zig/zig-out/lib",
				);
				MARKETING_VERSION = 1.0;
				PRODUCT_BUNDLE_IDENTIFIER = com.dmbfm.nemosprite;
				PRODUCT_NAME = "$(TARGET_NAME)";
				SWIFT_EMIT_LOC_STRINGS = YES;
			};
			name = Release;
		};
/* End XCBuildConfiguration section */

/* Begin XCConfigurationList section */
		AE5E4DD22A3F560F00C66C0A /* Build configuration list for PBXProject "nemosprite" */ = {
			isa = XCConfigurationList;
			buildConfigurations = (
				AE5E4DE82A3F561100C66C0A /* Debug */,
				AE5E4DE92A3F561100C66C0A /* Release */,
			);
			defaultConfigurationIsVisible = 0;
			defaultConfigurationName = Release;
		};
		AE5E4DEA2A3F561100C66C0A /* Build configuration list for PBXNativeTarget "nemosprite" */ = {
			isa = XCConfigurationList;
			buildConfigurations = (
				AE5E4DEB2A3F561100C66C0A /* Debug */,
				AE5E4DEC2A3F561100C66C0A /* Release */,
			);
			defaultConfigurationIsVisible = 0;
			defaultConfigurationName = Release;
		};
/* End XCConfigurationList section */
	};
	rootObject = AE5E4DCF2A3F560F00C66C0A /* Project object */;
}
