// !$*UTF8*$!
{
	archiveVersion = 1;
	classes = {
	};
	objectVersion = 56;
	objects = {

/* Begin PBXBuildFile section */
		AEEBD53C2A4C694200F467DD /* AppDelegate.swift in Sources */ = {isa = PBXBuildFile; fileRef = AEEBD53B2A4C694200F467DD /* AppDelegate.swift */; };
		AEEBD53E2A4C694200F467DD /* ViewController.swift in Sources */ = {isa = PBXBuildFile; fileRef = AEEBD53D2A4C694200F467DD /* ViewController.swift */; };
		AEEBD5402A4C694200F467DD /* Document.swift in Sources */ = {isa = PBXBuildFile; fileRef = AEEBD53F2A4C694200F467DD /* Document.swift */; };
		AEEBD5422A4C694400F467DD /* Assets.xcassets in Resources */ = {isa = PBXBuildFile; fileRef = AEEBD5412A4C694400F467DD /* Assets.xcassets */; };
		AEEBD5452A4C694400F467DD /* Main.storyboard in Resources */ = {isa = PBXBuildFile; fileRef = AEEBD5432A4C694400F467DD /* Main.storyboard */; };
		AEEBD5582A4C6C6200F467DD /* metal_bindings.m in Sources */ = {isa = PBXBuildFile; fileRef = AEEBD5572A4C6C6200F467DD /* metal_bindings.m */; settings = {COMPILER_FLAGS = "-fno-objc-arc"; }; };
		AEEBD55A2A4C6CD600F467DD /* quad_batch.metal in Sources */ = {isa = PBXBuildFile; fileRef = AEEBD5592A4C6CD600F467DD /* quad_batch.metal */; };
		AEEBD55C2A4C6CE600F467DD /* some_shaders.metal in Sources */ = {isa = PBXBuildFile; fileRef = AEEBD55B2A4C6CE600F467DD /* some_shaders.metal */; };
		AEEBD5852A4C6D0700F467DD /* pool.zig in Resources */ = {isa = PBXBuildFile; fileRef = AEEBD55E2A4C6D0600F467DD /* pool.zig */; };
		AEEBD5862A4C6D0700F467DD /* quad_renderer.zig in Resources */ = {isa = PBXBuildFile; fileRef = AEEBD5602A4C6D0600F467DD /* quad_renderer.zig */; };
		AEEBD5872A4C6D0700F467DD /* QuadRendererBatched.zig in Resources */ = {isa = PBXBuildFile; fileRef = AEEBD5612A4C6D0600F467DD /* QuadRendererBatched.zig */; };
		AEEBD5882A4C6D0700F467DD /* QuadRendererDumb.zig in Resources */ = {isa = PBXBuildFile; fileRef = AEEBD5622A4C6D0600F467DD /* QuadRendererDumb.zig */; };
		AEEBD5892A4C6D0700F467DD /* quad.zig in Resources */ = {isa = PBXBuildFile; fileRef = AEEBD5632A4C6D0600F467DD /* quad.zig */; };
		AEEBD58A2A4C6D0700F467DD /* tests.zig in Resources */ = {isa = PBXBuildFile; fileRef = AEEBD5642A4C6D0600F467DD /* tests.zig */; };
		AEEBD58B2A4C6D0700F467DD /* vertex_descriptor.zig in Resources */ = {isa = PBXBuildFile; fileRef = AEEBD5662A4C6D0600F467DD /* vertex_descriptor.zig */; };
		AEEBD58C2A4C6D0700F467DD /* render_pipeline_state.zig in Resources */ = {isa = PBXBuildFile; fileRef = AEEBD5672A4C6D0600F467DD /* render_pipeline_state.zig */; };
		AEEBD58D2A4C6D0700F467DD /* enums.zig in Resources */ = {isa = PBXBuildFile; fileRef = AEEBD5682A4C6D0600F467DD /* enums.zig */; };
		AEEBD58E2A4C6D0700F467DD /* library.zig in Resources */ = {isa = PBXBuildFile; fileRef = AEEBD5692A4C6D0600F467DD /* library.zig */; };
		AEEBD58F2A4C6D0700F467DD /* function.zig in Resources */ = {isa = PBXBuildFile; fileRef = AEEBD56A2A4C6D0600F467DD /* function.zig */; };
		AEEBD5902A4C6D0700F467DD /* structs.zig in Resources */ = {isa = PBXBuildFile; fileRef = AEEBD56B2A4C6D0600F467DD /* structs.zig */; };
		AEEBD5912A4C6D0700F467DD /* command_queue.zig in Resources */ = {isa = PBXBuildFile; fileRef = AEEBD56C2A4C6D0600F467DD /* command_queue.zig */; };
		AEEBD5922A4C6D0700F467DD /* buffer.zig in Resources */ = {isa = PBXBuildFile; fileRef = AEEBD56D2A4C6D0700F467DD /* buffer.zig */; };
		AEEBD5932A4C6D0700F467DD /* render_command_encoder.zig in Resources */ = {isa = PBXBuildFile; fileRef = AEEBD56E2A4C6D0700F467DD /* render_command_encoder.zig */; };
		AEEBD5942A4C6D0700F467DD /* render_pass_descriptor.zig in Resources */ = {isa = PBXBuildFile; fileRef = AEEBD56F2A4C6D0700F467DD /* render_pass_descriptor.zig */; };
		AEEBD5952A4C6D0700F467DD /* command_buffer.zig in Resources */ = {isa = PBXBuildFile; fileRef = AEEBD5702A4C6D0700F467DD /* command_buffer.zig */; };
		AEEBD5962A4C6D0700F467DD /* drawable.zig in Resources */ = {isa = PBXBuildFile; fileRef = AEEBD5712A4C6D0700F467DD /* drawable.zig */; };
		AEEBD5972A4C6D0700F467DD /* device.zig in Resources */ = {isa = PBXBuildFile; fileRef = AEEBD5722A4C6D0700F467DD /* device.zig */; };
		AEEBD5982A4C6D0700F467DD /* texture.zig in Resources */ = {isa = PBXBuildFile; fileRef = AEEBD5732A4C6D0700F467DD /* texture.zig */; };
		AEEBD5992A4C6D0700F467DD /* render_pipeline_descriptor.zig in Resources */ = {isa = PBXBuildFile; fileRef = AEEBD5742A4C6D0700F467DD /* render_pipeline_descriptor.zig */; };
		AEEBD59A2A4C6D0700F467DD /* texture_descriptor.zig in Resources */ = {isa = PBXBuildFile; fileRef = AEEBD5752A4C6D0700F467DD /* texture_descriptor.zig */; };
		AEEBD59B2A4C6D0700F467DD /* app.zig in Resources */ = {isa = PBXBuildFile; fileRef = AEEBD5762A4C6D0700F467DD /* app.zig */; };
		AEEBD59C2A4C6D0700F467DD /* metal.zig in Resources */ = {isa = PBXBuildFile; fileRef = AEEBD5772A4C6D0700F467DD /* metal.zig */; };
		AEEBD59D2A4C6D0700F467DD /* Renderer.zig in Resources */ = {isa = PBXBuildFile; fileRef = AEEBD5782A4C6D0700F467DD /* Renderer.zig */; };
		AEEBD59E2A4C6D0700F467DD /* main.zig in Resources */ = {isa = PBXBuildFile; fileRef = AEEBD5792A4C6D0700F467DD /* main.zig */; };
		AEEBD59F2A4C6D0700F467DD /* Palette.zig in Resources */ = {isa = PBXBuildFile; fileRef = AEEBD57A2A4C6D0700F467DD /* Palette.zig */; };
		AEEBD5A02A4C6D0700F467DD /* Rgb.zig in Resources */ = {isa = PBXBuildFile; fileRef = AEEBD57B2A4C6D0700F467DD /* Rgb.zig */; };
		AEEBD5A12A4C6D0700F467DD /* Camera.zig in Resources */ = {isa = PBXBuildFile; fileRef = AEEBD57C2A4C6D0700F467DD /* Camera.zig */; };
		AEEBD5A22A4C6D0700F467DD /* Bitmap.zig in Resources */ = {isa = PBXBuildFile; fileRef = AEEBD57D2A4C6D0700F467DD /* Bitmap.zig */; };
		AEEBD5A32A4C6D0700F467DD /* Color.zig in Resources */ = {isa = PBXBuildFile; fileRef = AEEBD57E2A4C6D0700F467DD /* Color.zig */; };
		AEEBD5A42A4C6D0700F467DD /* Quad.zig in Resources */ = {isa = PBXBuildFile; fileRef = AEEBD57F2A4C6D0700F467DD /* Quad.zig */; };
		AEEBD5A52A4C6D0700F467DD /* random.zig in Resources */ = {isa = PBXBuildFile; fileRef = AEEBD5802A4C6D0700F467DD /* random.zig */; };
		AEEBD5A62A4C6D0700F467DD /* math.zig in Resources */ = {isa = PBXBuildFile; fileRef = AEEBD5812A4C6D0700F467DD /* math.zig */; };
		AEEBD5A72A4C6D0700F467DD /* build.zig in Resources */ = {isa = PBXBuildFile; fileRef = AEEBD5822A4C6D0700F467DD /* build.zig */; };
		AEEBD5AB2A4C6DF400F467DD /* MetalKit.framework in Frameworks */ = {isa = PBXBuildFile; fileRef = AEEBD5A92A4C6DF400F467DD /* MetalKit.framework */; };
		AEEBD5AC2A4C6DF400F467DD /* Metal.framework in Frameworks */ = {isa = PBXBuildFile; fileRef = AEEBD5AA2A4C6DF400F467DD /* Metal.framework */; };
		AEEBD5AE2A4C6E0F00F467DD /* libzig.a in Frameworks */ = {isa = PBXBuildFile; fileRef = AEEBD5AD2A4C6E0000F467DD /* libzig.a */; };
		AEEBD5B12A4C6F5E00F467DD /* EditorWindow.storyboard in Resources */ = {isa = PBXBuildFile; fileRef = AEEBD5B02A4C6F5E00F467DD /* EditorWindow.storyboard */; };
		AEEBD5B32A4C6F7800F467DD /* EditorView.swift in Sources */ = {isa = PBXBuildFile; fileRef = AEEBD5B22A4C6F7800F467DD /* EditorView.swift */; };
		AEEBD5B52A4C70DD00F467DD /* EditorWindowController.swift in Sources */ = {isa = PBXBuildFile; fileRef = AEEBD5B42A4C70DD00F467DD /* EditorWindowController.swift */; };
		AEEBD5B72A4C717500F467DD /* EditorViewController.swift in Sources */ = {isa = PBXBuildFile; fileRef = AEEBD5B62A4C717500F467DD /* EditorViewController.swift */; };
/* End PBXBuildFile section */

/* Begin PBXFileReference section */
		AEEBD5382A4C694200F467DD /* nemosprite.app */ = {isa = PBXFileReference; explicitFileType = wrapper.application; includeInIndex = 0; path = nemosprite.app; sourceTree = BUILT_PRODUCTS_DIR; };
		AEEBD53B2A4C694200F467DD /* AppDelegate.swift */ = {isa = PBXFileReference; lastKnownFileType = sourcecode.swift; path = AppDelegate.swift; sourceTree = "<group>"; };
		AEEBD53D2A4C694200F467DD /* ViewController.swift */ = {isa = PBXFileReference; lastKnownFileType = sourcecode.swift; path = ViewController.swift; sourceTree = "<group>"; };
		AEEBD53F2A4C694200F467DD /* Document.swift */ = {isa = PBXFileReference; lastKnownFileType = sourcecode.swift; path = Document.swift; sourceTree = "<group>"; };
		AEEBD5412A4C694400F467DD /* Assets.xcassets */ = {isa = PBXFileReference; lastKnownFileType = folder.assetcatalog; path = Assets.xcassets; sourceTree = "<group>"; };
		AEEBD5442A4C694400F467DD /* Base */ = {isa = PBXFileReference; lastKnownFileType = file.storyboard; name = Base; path = Base.lproj/Main.storyboard; sourceTree = "<group>"; };
		AEEBD5462A4C694400F467DD /* Info.plist */ = {isa = PBXFileReference; lastKnownFileType = text.plist.xml; path = Info.plist; sourceTree = "<group>"; };
		AEEBD5472A4C694400F467DD /* nemosprite.entitlements */ = {isa = PBXFileReference; lastKnownFileType = text.plist.entitlements; path = nemosprite.entitlements; sourceTree = "<group>"; };
		AEEBD5552A4C6C6200F467DD /* Bridging-Header.h */ = {isa = PBXFileReference; lastKnownFileType = sourcecode.c.h; path = "Bridging-Header.h"; sourceTree = "<group>"; };
		AEEBD5562A4C6C6200F467DD /* metal_bindings.h */ = {isa = PBXFileReference; fileEncoding = 4; lastKnownFileType = sourcecode.c.h; path = metal_bindings.h; sourceTree = "<group>"; };
		AEEBD5572A4C6C6200F467DD /* metal_bindings.m */ = {isa = PBXFileReference; fileEncoding = 4; lastKnownFileType = sourcecode.c.objc; path = metal_bindings.m; sourceTree = "<group>"; };
		AEEBD5592A4C6CD600F467DD /* quad_batch.metal */ = {isa = PBXFileReference; fileEncoding = 4; lastKnownFileType = sourcecode.metal; path = quad_batch.metal; sourceTree = "<group>"; };
		AEEBD55B2A4C6CE600F467DD /* some_shaders.metal */ = {isa = PBXFileReference; fileEncoding = 4; lastKnownFileType = sourcecode.metal; path = some_shaders.metal; sourceTree = "<group>"; };
		AEEBD55E2A4C6D0600F467DD /* pool.zig */ = {isa = PBXFileReference; fileEncoding = 4; lastKnownFileType = text; path = pool.zig; sourceTree = "<group>"; };
		AEEBD5602A4C6D0600F467DD /* quad_renderer.zig */ = {isa = PBXFileReference; fileEncoding = 4; lastKnownFileType = text; path = quad_renderer.zig; sourceTree = "<group>"; };
		AEEBD5612A4C6D0600F467DD /* QuadRendererBatched.zig */ = {isa = PBXFileReference; fileEncoding = 4; lastKnownFileType = text; path = QuadRendererBatched.zig; sourceTree = "<group>"; };
		AEEBD5622A4C6D0600F467DD /* QuadRendererDumb.zig */ = {isa = PBXFileReference; fileEncoding = 4; lastKnownFileType = text; path = QuadRendererDumb.zig; sourceTree = "<group>"; };
		AEEBD5632A4C6D0600F467DD /* quad.zig */ = {isa = PBXFileReference; fileEncoding = 4; lastKnownFileType = text; path = quad.zig; sourceTree = "<group>"; };
		AEEBD5642A4C6D0600F467DD /* tests.zig */ = {isa = PBXFileReference; fileEncoding = 4; lastKnownFileType = text; path = tests.zig; sourceTree = "<group>"; };
		AEEBD5662A4C6D0600F467DD /* vertex_descriptor.zig */ = {isa = PBXFileReference; fileEncoding = 4; lastKnownFileType = text; path = vertex_descriptor.zig; sourceTree = "<group>"; };
		AEEBD5672A4C6D0600F467DD /* render_pipeline_state.zig */ = {isa = PBXFileReference; fileEncoding = 4; lastKnownFileType = text; path = render_pipeline_state.zig; sourceTree = "<group>"; };
		AEEBD5682A4C6D0600F467DD /* enums.zig */ = {isa = PBXFileReference; fileEncoding = 4; lastKnownFileType = text; path = enums.zig; sourceTree = "<group>"; };
		AEEBD5692A4C6D0600F467DD /* library.zig */ = {isa = PBXFileReference; fileEncoding = 4; lastKnownFileType = text; path = library.zig; sourceTree = "<group>"; };
		AEEBD56A2A4C6D0600F467DD /* function.zig */ = {isa = PBXFileReference; fileEncoding = 4; lastKnownFileType = text; path = function.zig; sourceTree = "<group>"; };
		AEEBD56B2A4C6D0600F467DD /* structs.zig */ = {isa = PBXFileReference; fileEncoding = 4; lastKnownFileType = text; path = structs.zig; sourceTree = "<group>"; };
		AEEBD56C2A4C6D0600F467DD /* command_queue.zig */ = {isa = PBXFileReference; fileEncoding = 4; lastKnownFileType = text; path = command_queue.zig; sourceTree = "<group>"; };
		AEEBD56D2A4C6D0700F467DD /* buffer.zig */ = {isa = PBXFileReference; fileEncoding = 4; lastKnownFileType = text; path = buffer.zig; sourceTree = "<group>"; };
		AEEBD56E2A4C6D0700F467DD /* render_command_encoder.zig */ = {isa = PBXFileReference; fileEncoding = 4; lastKnownFileType = text; path = render_command_encoder.zig; sourceTree = "<group>"; };
		AEEBD56F2A4C6D0700F467DD /* render_pass_descriptor.zig */ = {isa = PBXFileReference; fileEncoding = 4; lastKnownFileType = text; path = render_pass_descriptor.zig; sourceTree = "<group>"; };
		AEEBD5702A4C6D0700F467DD /* command_buffer.zig */ = {isa = PBXFileReference; fileEncoding = 4; lastKnownFileType = text; path = command_buffer.zig; sourceTree = "<group>"; };
		AEEBD5712A4C6D0700F467DD /* drawable.zig */ = {isa = PBXFileReference; fileEncoding = 4; lastKnownFileType = text; path = drawable.zig; sourceTree = "<group>"; };
		AEEBD5722A4C6D0700F467DD /* device.zig */ = {isa = PBXFileReference; fileEncoding = 4; lastKnownFileType = text; path = device.zig; sourceTree = "<group>"; };
		AEEBD5732A4C6D0700F467DD /* texture.zig */ = {isa = PBXFileReference; fileEncoding = 4; lastKnownFileType = text; path = texture.zig; sourceTree = "<group>"; };
		AEEBD5742A4C6D0700F467DD /* render_pipeline_descriptor.zig */ = {isa = PBXFileReference; fileEncoding = 4; lastKnownFileType = text; path = render_pipeline_descriptor.zig; sourceTree = "<group>"; };
		AEEBD5752A4C6D0700F467DD /* texture_descriptor.zig */ = {isa = PBXFileReference; fileEncoding = 4; lastKnownFileType = text; path = texture_descriptor.zig; sourceTree = "<group>"; };
		AEEBD5762A4C6D0700F467DD /* app.zig */ = {isa = PBXFileReference; fileEncoding = 4; lastKnownFileType = text; path = app.zig; sourceTree = "<group>"; };
		AEEBD5772A4C6D0700F467DD /* metal.zig */ = {isa = PBXFileReference; fileEncoding = 4; lastKnownFileType = text; path = metal.zig; sourceTree = "<group>"; };
		AEEBD5782A4C6D0700F467DD /* Renderer.zig */ = {isa = PBXFileReference; fileEncoding = 4; lastKnownFileType = text; path = Renderer.zig; sourceTree = "<group>"; };
		AEEBD5792A4C6D0700F467DD /* main.zig */ = {isa = PBXFileReference; fileEncoding = 4; lastKnownFileType = text; path = main.zig; sourceTree = "<group>"; };
		AEEBD57A2A4C6D0700F467DD /* Palette.zig */ = {isa = PBXFileReference; fileEncoding = 4; lastKnownFileType = text; path = Palette.zig; sourceTree = "<group>"; };
		AEEBD57B2A4C6D0700F467DD /* Rgb.zig */ = {isa = PBXFileReference; fileEncoding = 4; lastKnownFileType = text; path = Rgb.zig; sourceTree = "<group>"; };
		AEEBD57C2A4C6D0700F467DD /* Camera.zig */ = {isa = PBXFileReference; fileEncoding = 4; lastKnownFileType = text; path = Camera.zig; sourceTree = "<group>"; };
		AEEBD57D2A4C6D0700F467DD /* Bitmap.zig */ = {isa = PBXFileReference; fileEncoding = 4; lastKnownFileType = text; path = Bitmap.zig; sourceTree = "<group>"; };
		AEEBD57E2A4C6D0700F467DD /* Color.zig */ = {isa = PBXFileReference; fileEncoding = 4; lastKnownFileType = text; path = Color.zig; sourceTree = "<group>"; };
		AEEBD57F2A4C6D0700F467DD /* Quad.zig */ = {isa = PBXFileReference; fileEncoding = 4; lastKnownFileType = text; path = Quad.zig; sourceTree = "<group>"; };
		AEEBD5802A4C6D0700F467DD /* random.zig */ = {isa = PBXFileReference; fileEncoding = 4; lastKnownFileType = text; path = random.zig; sourceTree = "<group>"; };
		AEEBD5812A4C6D0700F467DD /* math.zig */ = {isa = PBXFileReference; fileEncoding = 4; lastKnownFileType = text; path = math.zig; sourceTree = "<group>"; };
		AEEBD5822A4C6D0700F467DD /* build.zig */ = {isa = PBXFileReference; fileEncoding = 4; lastKnownFileType = text; path = build.zig; sourceTree = "<group>"; };
		AEEBD5842A4C6D0700F467DD /* nemo_zig_lib.h */ = {isa = PBXFileReference; fileEncoding = 4; lastKnownFileType = sourcecode.c.h; path = nemo_zig_lib.h; sourceTree = "<group>"; };
		AEEBD5A92A4C6DF400F467DD /* MetalKit.framework */ = {isa = PBXFileReference; lastKnownFileType = wrapper.framework; name = MetalKit.framework; path = System/Library/Frameworks/MetalKit.framework; sourceTree = SDKROOT; };
		AEEBD5AA2A4C6DF400F467DD /* Metal.framework */ = {isa = PBXFileReference; lastKnownFileType = wrapper.framework; name = Metal.framework; path = System/Library/Frameworks/Metal.framework; sourceTree = SDKROOT; };
		AEEBD5AD2A4C6E0000F467DD /* libzig.a */ = {isa = PBXFileReference; lastKnownFileType = archive.ar; name = libzig.a; path = "Backend/Zig/zig-out/lib/libzig.a"; sourceTree = "<group>"; };
		AEEBD5B02A4C6F5E00F467DD /* EditorWindow.storyboard */ = {isa = PBXFileReference; lastKnownFileType = file.storyboard; path = EditorWindow.storyboard; sourceTree = "<group>"; };
		AEEBD5B22A4C6F7800F467DD /* EditorView.swift */ = {isa = PBXFileReference; lastKnownFileType = sourcecode.swift; path = EditorView.swift; sourceTree = "<group>"; };
		AEEBD5B42A4C70DD00F467DD /* EditorWindowController.swift */ = {isa = PBXFileReference; lastKnownFileType = sourcecode.swift; path = EditorWindowController.swift; sourceTree = "<group>"; };
		AEEBD5B62A4C717500F467DD /* EditorViewController.swift */ = {isa = PBXFileReference; lastKnownFileType = sourcecode.swift; path = EditorViewController.swift; sourceTree = "<group>"; };
/* End PBXFileReference section */

/* Begin PBXFrameworksBuildPhase section */
		AEEBD5352A4C694200F467DD /* Frameworks */ = {
			isa = PBXFrameworksBuildPhase;
			buildActionMask = 2147483647;
			files = (
				AEEBD5AE2A4C6E0F00F467DD /* libzig.a in Frameworks */,
				AEEBD5AC2A4C6DF400F467DD /* Metal.framework in Frameworks */,
				AEEBD5AB2A4C6DF400F467DD /* MetalKit.framework in Frameworks */,
			);
			runOnlyForDeploymentPostprocessing = 0;
		};
/* End PBXFrameworksBuildPhase section */

/* Begin PBXGroup section */
		AEEBD52F2A4C694200F467DD = {
			isa = PBXGroup;
			children = (
				AEEBD53A2A4C694200F467DD /* Application */,
				AEEBD5522A4C6BE100F467DD /* Metal */,
				AEEBD54F2A4C6AEE00F467DD /* Backend */,
				AEEBD5392A4C694200F467DD /* Products */,
				AEEBD5A82A4C6DF300F467DD /* Frameworks */,
			);
			sourceTree = "<group>";
		};
		AEEBD5392A4C694200F467DD /* Products */ = {
			isa = PBXGroup;
			children = (
				AEEBD5382A4C694200F467DD /* nemosprite.app */,
			);
			name = Products;
			sourceTree = "<group>";
		};
		AEEBD53A2A4C694200F467DD /* Application */ = {
			isa = PBXGroup;
			children = (
				AEEBD53B2A4C694200F467DD /* AppDelegate.swift */,
				AEEBD53D2A4C694200F467DD /* ViewController.swift */,
				AEEBD53F2A4C694200F467DD /* Document.swift */,
				AEEBD5552A4C6C6200F467DD /* Bridging-Header.h */,
				AEEBD5B82A4C718200F467DD /* Views */,
				AEEBD54D2A4C699E00F467DD /* Resources */,
			);
			path = Application;
			sourceTree = "<group>";
		};
		AEEBD54D2A4C699E00F467DD /* Resources */ = {
			isa = PBXGroup;
			children = (
				AEEBD5412A4C694400F467DD /* Assets.xcassets */,
				AEEBD5432A4C694400F467DD /* Main.storyboard */,
				AEEBD5462A4C694400F467DD /* Info.plist */,
				AEEBD5472A4C694400F467DD /* nemosprite.entitlements */,
			);
			path = Resources;
			sourceTree = "<group>";
		};
		AEEBD54F2A4C6AEE00F467DD /* Backend */ = {
			isa = PBXGroup;
			children = (
				AEEBD5512A4C6B8800F467DD /* Zig */,
				AEEBD5502A4C6B5300F467DD /* Include */,
			);
			path = Backend;
			sourceTree = "<group>";
		};
		AEEBD5502A4C6B5300F467DD /* Include */ = {
			isa = PBXGroup;
			children = (
				AEEBD5842A4C6D0700F467DD /* nemo_zig_lib.h */,
			);
			path = Include;
			sourceTree = "<group>";
		};
		AEEBD5512A4C6B8800F467DD /* Zig */ = {
			isa = PBXGroup;
			children = (
				AEEBD5822A4C6D0700F467DD /* build.zig */,
				AEEBD55D2A4C6D0600F467DD /* src */,
			);
			path = Zig;
			sourceTree = "<group>";
		};
		AEEBD5522A4C6BE100F467DD /* Metal */ = {
			isa = PBXGroup;
			children = (
				AEEBD5542A4C6C1C00F467DD /* Bindings */,
				AEEBD5532A4C6C1400F467DD /* Shaders */,
			);
			path = Metal;
			sourceTree = "<group>";
		};
		AEEBD5532A4C6C1400F467DD /* Shaders */ = {
			isa = PBXGroup;
			children = (
				AEEBD5592A4C6CD600F467DD /* quad_batch.metal */,
				AEEBD55B2A4C6CE600F467DD /* some_shaders.metal */,
			);
			path = Shaders;
			sourceTree = "<group>";
		};
		AEEBD5542A4C6C1C00F467DD /* Bindings */ = {
			isa = PBXGroup;
			children = (
				AEEBD5562A4C6C6200F467DD /* metal_bindings.h */,
				AEEBD5572A4C6C6200F467DD /* metal_bindings.m */,
			);
			path = Bindings;
			sourceTree = "<group>";
		};
		AEEBD55D2A4C6D0600F467DD /* src */ = {
			isa = PBXGroup;
			children = (
				AEEBD55E2A4C6D0600F467DD /* pool.zig */,
				AEEBD55F2A4C6D0600F467DD /* Renderer */,
				AEEBD5642A4C6D0600F467DD /* tests.zig */,
				AEEBD5652A4C6D0600F467DD /* metal */,
				AEEBD5762A4C6D0700F467DD /* app.zig */,
				AEEBD5772A4C6D0700F467DD /* metal.zig */,
				AEEBD5782A4C6D0700F467DD /* Renderer.zig */,
				AEEBD5792A4C6D0700F467DD /* main.zig */,
				AEEBD57A2A4C6D0700F467DD /* Palette.zig */,
				AEEBD57B2A4C6D0700F467DD /* Rgb.zig */,
				AEEBD57C2A4C6D0700F467DD /* Camera.zig */,
				AEEBD57D2A4C6D0700F467DD /* Bitmap.zig */,
				AEEBD57E2A4C6D0700F467DD /* Color.zig */,
				AEEBD57F2A4C6D0700F467DD /* Quad.zig */,
				AEEBD5802A4C6D0700F467DD /* random.zig */,
				AEEBD5812A4C6D0700F467DD /* math.zig */,
			);
			path = src;
			sourceTree = "<group>";
		};
		AEEBD55F2A4C6D0600F467DD /* Renderer */ = {
			isa = PBXGroup;
			children = (
				AEEBD5602A4C6D0600F467DD /* quad_renderer.zig */,
				AEEBD5612A4C6D0600F467DD /* QuadRendererBatched.zig */,
				AEEBD5622A4C6D0600F467DD /* QuadRendererDumb.zig */,
				AEEBD5632A4C6D0600F467DD /* quad.zig */,
			);
			path = Renderer;
			sourceTree = "<group>";
		};
		AEEBD5652A4C6D0600F467DD /* metal */ = {
			isa = PBXGroup;
			children = (
				AEEBD5662A4C6D0600F467DD /* vertex_descriptor.zig */,
				AEEBD5672A4C6D0600F467DD /* render_pipeline_state.zig */,
				AEEBD5682A4C6D0600F467DD /* enums.zig */,
				AEEBD5692A4C6D0600F467DD /* library.zig */,
				AEEBD56A2A4C6D0600F467DD /* function.zig */,
				AEEBD56B2A4C6D0600F467DD /* structs.zig */,
				AEEBD56C2A4C6D0600F467DD /* command_queue.zig */,
				AEEBD56D2A4C6D0700F467DD /* buffer.zig */,
				AEEBD56E2A4C6D0700F467DD /* render_command_encoder.zig */,
				AEEBD56F2A4C6D0700F467DD /* render_pass_descriptor.zig */,
				AEEBD5702A4C6D0700F467DD /* command_buffer.zig */,
				AEEBD5712A4C6D0700F467DD /* drawable.zig */,
				AEEBD5722A4C6D0700F467DD /* device.zig */,
				AEEBD5732A4C6D0700F467DD /* texture.zig */,
				AEEBD5742A4C6D0700F467DD /* render_pipeline_descriptor.zig */,
				AEEBD5752A4C6D0700F467DD /* texture_descriptor.zig */,
			);
			path = metal;
			sourceTree = "<group>";
		};
		AEEBD5A82A4C6DF300F467DD /* Frameworks */ = {
			isa = PBXGroup;
			children = (
				AEEBD5AD2A4C6E0000F467DD /* libzig.a */,
				AEEBD5AA2A4C6DF400F467DD /* Metal.framework */,
				AEEBD5A92A4C6DF400F467DD /* MetalKit.framework */,
			);
			name = Frameworks;
			sourceTree = "<group>";
		};
		AEEBD5B82A4C718200F467DD /* Views */ = {
			isa = PBXGroup;
			children = (
				AEEBD5B92A4C718900F467DD /* Editor */,
			);
			path = Views;
			sourceTree = "<group>";
		};
		AEEBD5B92A4C718900F467DD /* Editor */ = {
			isa = PBXGroup;
			children = (
				AEEBD5B22A4C6F7800F467DD /* EditorView.swift */,
				AEEBD5B62A4C717500F467DD /* EditorViewController.swift */,
				AEEBD5B42A4C70DD00F467DD /* EditorWindowController.swift */,
				AEEBD5B02A4C6F5E00F467DD /* EditorWindow.storyboard */,
			);
			path = Editor;
			sourceTree = "<group>";
		};
/* End PBXGroup section */

/* Begin PBXNativeTarget section */
		AEEBD5372A4C694200F467DD /* nemosprite */ = {
			isa = PBXNativeTarget;
			buildConfigurationList = AEEBD54A2A4C694400F467DD /* Build configuration list for PBXNativeTarget "nemosprite" */;
			buildPhases = (
				AEEBD5AF2A4C6E2200F467DD /* ShellScript */,
				AEEBD5342A4C694200F467DD /* Sources */,
				AEEBD5352A4C694200F467DD /* Frameworks */,
				AEEBD5362A4C694200F467DD /* Resources */,
			);
			buildRules = (
			);
			dependencies = (
			);
			name = nemosprite;
			productName = nemosprite;
			productReference = AEEBD5382A4C694200F467DD /* nemosprite.app */;
			productType = "com.apple.product-type.application";
		};
/* End PBXNativeTarget section */

/* Begin PBXProject section */
		AEEBD5302A4C694200F467DD /* Project object */ = {
			isa = PBXProject;
			attributes = {
				BuildIndependentTargetsInParallel = 1;
				LastSwiftUpdateCheck = 1430;
				LastUpgradeCheck = 1430;
				TargetAttributes = {
					AEEBD5372A4C694200F467DD = {
						CreatedOnToolsVersion = 14.3;
						LastSwiftMigration = 1430;
					};
				};
			};
			buildConfigurationList = AEEBD5332A4C694200F467DD /* Build configuration list for PBXProject "nemosprite" */;
			compatibilityVersion = "Xcode 14.0";
			developmentRegion = en;
			hasScannedForEncodings = 0;
			knownRegions = (
				en,
				Base,
			);
			mainGroup = AEEBD52F2A4C694200F467DD;
			productRefGroup = AEEBD5392A4C694200F467DD /* Products */;
			projectDirPath = "";
			projectRoot = "";
			targets = (
				AEEBD5372A4C694200F467DD /* nemosprite */,
			);
		};
/* End PBXProject section */

/* Begin PBXResourcesBuildPhase section */
		AEEBD5362A4C694200F467DD /* Resources */ = {
			isa = PBXResourcesBuildPhase;
			buildActionMask = 2147483647;
			files = (
				AEEBD5422A4C694400F467DD /* Assets.xcassets in Resources */,
				AEEBD5A32A4C6D0700F467DD /* Color.zig in Resources */,
				AEEBD5A62A4C6D0700F467DD /* math.zig in Resources */,
				AEEBD5452A4C694400F467DD /* Main.storyboard in Resources */,
				AEEBD5982A4C6D0700F467DD /* texture.zig in Resources */,
				AEEBD5882A4C6D0700F467DD /* QuadRendererDumb.zig in Resources */,
				AEEBD5A12A4C6D0700F467DD /* Camera.zig in Resources */,
				AEEBD5992A4C6D0700F467DD /* render_pipeline_descriptor.zig in Resources */,
				AEEBD5862A4C6D0700F467DD /* quad_renderer.zig in Resources */,
				AEEBD58E2A4C6D0700F467DD /* library.zig in Resources */,
				AEEBD58B2A4C6D0700F467DD /* vertex_descriptor.zig in Resources */,
				AEEBD5942A4C6D0700F467DD /* render_pass_descriptor.zig in Resources */,
				AEEBD5932A4C6D0700F467DD /* render_command_encoder.zig in Resources */,
				AEEBD58A2A4C6D0700F467DD /* tests.zig in Resources */,
				AEEBD5952A4C6D0700F467DD /* command_buffer.zig in Resources */,
				AEEBD59F2A4C6D0700F467DD /* Palette.zig in Resources */,
				AEEBD5962A4C6D0700F467DD /* drawable.zig in Resources */,
				AEEBD59E2A4C6D0700F467DD /* main.zig in Resources */,
				AEEBD5B12A4C6F5E00F467DD /* EditorWindow.storyboard in Resources */,
				AEEBD58C2A4C6D0700F467DD /* render_pipeline_state.zig in Resources */,
				AEEBD5972A4C6D0700F467DD /* device.zig in Resources */,
				AEEBD5852A4C6D0700F467DD /* pool.zig in Resources */,
				AEEBD5912A4C6D0700F467DD /* command_queue.zig in Resources */,
				AEEBD59B2A4C6D0700F467DD /* app.zig in Resources */,
				AEEBD59D2A4C6D0700F467DD /* Renderer.zig in Resources */,
				AEEBD59C2A4C6D0700F467DD /* metal.zig in Resources */,
				AEEBD5892A4C6D0700F467DD /* quad.zig in Resources */,
				AEEBD5A42A4C6D0700F467DD /* Quad.zig in Resources */,
				AEEBD5872A4C6D0700F467DD /* QuadRendererBatched.zig in Resources */,
				AEEBD5A02A4C6D0700F467DD /* Rgb.zig in Resources */,
				AEEBD5922A4C6D0700F467DD /* buffer.zig in Resources */,
				AEEBD58F2A4C6D0700F467DD /* function.zig in Resources */,
				AEEBD59A2A4C6D0700F467DD /* texture_descriptor.zig in Resources */,
				AEEBD5A72A4C6D0700F467DD /* build.zig in Resources */,
				AEEBD58D2A4C6D0700F467DD /* enums.zig in Resources */,
				AEEBD5902A4C6D0700F467DD /* structs.zig in Resources */,
				AEEBD5A22A4C6D0700F467DD /* Bitmap.zig in Resources */,
				AEEBD5A52A4C6D0700F467DD /* random.zig in Resources */,
			);
			runOnlyForDeploymentPostprocessing = 0;
		};
/* End PBXResourcesBuildPhase section */

/* Begin PBXShellScriptBuildPhase section */
		AEEBD5AF2A4C6E2200F467DD /* ShellScript */ = {
			isa = PBXShellScriptBuildPhase;
			alwaysOutOfDate = 1;
			buildActionMask = 2147483647;
			files = (
			);
			inputFileListPaths = (
			);
			inputPaths = (
			);
			outputFileListPaths = (
			);
			outputPaths = (
			);
			runOnlyForDeploymentPostprocessing = 0;
			shellPath = "/usr/bin/env bash";
			shellScript = "# Type a script or drag a script file from your workspace to insert its path.\nZIG=$HOME/.local/bin/zig\ncd $SRCROOT/Backend/Zig\n$ZIG build -Dtarget=aarch64-macos\n";
		};
/* End PBXShellScriptBuildPhase section */

/* Begin PBXSourcesBuildPhase section */
		AEEBD5342A4C694200F467DD /* Sources */ = {
			isa = PBXSourcesBuildPhase;
			buildActionMask = 2147483647;
			files = (
				AEEBD55C2A4C6CE600F467DD /* some_shaders.metal in Sources */,
				AEEBD5B72A4C717500F467DD /* EditorViewController.swift in Sources */,
				AEEBD55A2A4C6CD600F467DD /* quad_batch.metal in Sources */,
				AEEBD5B52A4C70DD00F467DD /* EditorWindowController.swift in Sources */,
				AEEBD53E2A4C694200F467DD /* ViewController.swift in Sources */,
				AEEBD5B32A4C6F7800F467DD /* EditorView.swift in Sources */,
				AEEBD53C2A4C694200F467DD /* AppDelegate.swift in Sources */,
				AEEBD5402A4C694200F467DD /* Document.swift in Sources */,
				AEEBD5582A4C6C6200F467DD /* metal_bindings.m in Sources */,
			);
			runOnlyForDeploymentPostprocessing = 0;
		};
/* End PBXSourcesBuildPhase section */

/* Begin PBXVariantGroup section */
		AEEBD5432A4C694400F467DD /* Main.storyboard */ = {
			isa = PBXVariantGroup;
			children = (
				AEEBD5442A4C694400F467DD /* Base */,
			);
			name = Main.storyboard;
			sourceTree = "<group>";
		};
/* End PBXVariantGroup section */

/* Begin XCBuildConfiguration section */
		AEEBD5482A4C694400F467DD /* Debug */ = {
			isa = XCBuildConfiguration;
			buildSettings = {
				ALWAYS_SEARCH_USER_PATHS = NO;
				CLANG_ANALYZER_NONNULL = YES;
				CLANG_ANALYZER_NUMBER_OBJECT_CONVERSION = YES_AGGRESSIVE;
				CLANG_CXX_LANGUAGE_STANDARD = "gnu++20";
				CLANG_ENABLE_MODULES = YES;
				CLANG_ENABLE_OBJC_ARC = YES;
				CLANG_ENABLE_OBJC_WEAK = YES;
				CLANG_WARN_BLOCK_CAPTURE_AUTORELEASING = YES;
				CLANG_WARN_BOOL_CONVERSION = YES;
				CLANG_WARN_COMMA = YES;
				CLANG_WARN_CONSTANT_CONVERSION = YES;
				CLANG_WARN_DEPRECATED_OBJC_IMPLEMENTATIONS = YES;
				CLANG_WARN_DIRECT_OBJC_ISA_USAGE = YES_ERROR;
				CLANG_WARN_DOCUMENTATION_COMMENTS = YES;
				CLANG_WARN_EMPTY_BODY = YES;
				CLANG_WARN_ENUM_CONVERSION = YES;
				CLANG_WARN_INFINITE_RECURSION = YES;
				CLANG_WARN_INT_CONVERSION = YES;
				CLANG_WARN_NON_LITERAL_NULL_CONVERSION = YES;
				CLANG_WARN_OBJC_IMPLICIT_RETAIN_SELF = YES;
				CLANG_WARN_OBJC_LITERAL_CONVERSION = YES;
				CLANG_WARN_OBJC_ROOT_CLASS = YES_ERROR;
				CLANG_WARN_QUOTED_INCLUDE_IN_FRAMEWORK_HEADER = YES;
				CLANG_WARN_RANGE_LOOP_ANALYSIS = YES;
				CLANG_WARN_STRICT_PROTOTYPES = YES;
				CLANG_WARN_SUSPICIOUS_MOVE = YES;
				CLANG_WARN_UNGUARDED_AVAILABILITY = YES_AGGRESSIVE;
				CLANG_WARN_UNREACHABLE_CODE = YES;
				CLANG_WARN__DUPLICATE_METHOD_MATCH = YES;
				COPY_PHASE_STRIP = NO;
				DEBUG_INFORMATION_FORMAT = dwarf;
				ENABLE_STRICT_OBJC_MSGSEND = YES;
				ENABLE_TESTABILITY = YES;
				GCC_C_LANGUAGE_STANDARD = gnu11;
				GCC_DYNAMIC_NO_PIC = NO;
				GCC_NO_COMMON_BLOCKS = YES;
				GCC_OPTIMIZATION_LEVEL = 0;
				GCC_PREPROCESSOR_DEFINITIONS = (
					"DEBUG=1",
					"$(inherited)",
				);
				GCC_WARN_64_TO_32_BIT_CONVERSION = YES;
				GCC_WARN_ABOUT_RETURN_TYPE = YES_ERROR;
				GCC_WARN_UNDECLARED_SELECTOR = YES;
				GCC_WARN_UNINITIALIZED_AUTOS = YES_AGGRESSIVE;
				GCC_WARN_UNUSED_FUNCTION = YES;
				GCC_WARN_UNUSED_VARIABLE = YES;
				HEADER_SEARCH_PATHS = Backend/Include;
				MACOSX_DEPLOYMENT_TARGET = 13.3;
				MTL_ENABLE_DEBUG_INFO = INCLUDE_SOURCE;
				MTL_FAST_MATH = YES;
				ONLY_ACTIVE_ARCH = YES;
				SDKROOT = macosx;
				SWIFT_ACTIVE_COMPILATION_CONDITIONS = DEBUG;
				SWIFT_OPTIMIZATION_LEVEL = "-Onone";
			};
			name = Debug;
		};
		AEEBD5492A4C694400F467DD /* Release */ = {
			isa = XCBuildConfiguration;
			buildSettings = {
				ALWAYS_SEARCH_USER_PATHS = NO;
				CLANG_ANALYZER_NONNULL = YES;
				CLANG_ANALYZER_NUMBER_OBJECT_CONVERSION = YES_AGGRESSIVE;
				CLANG_CXX_LANGUAGE_STANDARD = "gnu++20";
				CLANG_ENABLE_MODULES = YES;
				CLANG_ENABLE_OBJC_ARC = YES;
				CLANG_ENABLE_OBJC_WEAK = YES;
				CLANG_WARN_BLOCK_CAPTURE_AUTORELEASING = YES;
				CLANG_WARN_BOOL_CONVERSION = YES;
				CLANG_WARN_COMMA = YES;
				CLANG_WARN_CONSTANT_CONVERSION = YES;
				CLANG_WARN_DEPRECATED_OBJC_IMPLEMENTATIONS = YES;
				CLANG_WARN_DIRECT_OBJC_ISA_USAGE = YES_ERROR;
				CLANG_WARN_DOCUMENTATION_COMMENTS = YES;
				CLANG_WARN_EMPTY_BODY = YES;
				CLANG_WARN_ENUM_CONVERSION = YES;
				CLANG_WARN_INFINITE_RECURSION = YES;
				CLANG_WARN_INT_CONVERSION = YES;
				CLANG_WARN_NON_LITERAL_NULL_CONVERSION = YES;
				CLANG_WARN_OBJC_IMPLICIT_RETAIN_SELF = YES;
				CLANG_WARN_OBJC_LITERAL_CONVERSION = YES;
				CLANG_WARN_OBJC_ROOT_CLASS = YES_ERROR;
				CLANG_WARN_QUOTED_INCLUDE_IN_FRAMEWORK_HEADER = YES;
				CLANG_WARN_RANGE_LOOP_ANALYSIS = YES;
				CLANG_WARN_STRICT_PROTOTYPES = YES;
				CLANG_WARN_SUSPICIOUS_MOVE = YES;
				CLANG_WARN_UNGUARDED_AVAILABILITY = YES_AGGRESSIVE;
				CLANG_WARN_UNREACHABLE_CODE = YES;
				CLANG_WARN__DUPLICATE_METHOD_MATCH = YES;
				COPY_PHASE_STRIP = NO;
				DEBUG_INFORMATION_FORMAT = "dwarf-with-dsym";
				ENABLE_NS_ASSERTIONS = NO;
				ENABLE_STRICT_OBJC_MSGSEND = YES;
				GCC_C_LANGUAGE_STANDARD = gnu11;
				GCC_NO_COMMON_BLOCKS = YES;
				GCC_WARN_64_TO_32_BIT_CONVERSION = YES;
				GCC_WARN_ABOUT_RETURN_TYPE = YES_ERROR;
				GCC_WARN_UNDECLARED_SELECTOR = YES;
				GCC_WARN_UNINITIALIZED_AUTOS = YES_AGGRESSIVE;
				GCC_WARN_UNUSED_FUNCTION = YES;
				GCC_WARN_UNUSED_VARIABLE = YES;
				HEADER_SEARCH_PATHS = Backend/Include;
				MACOSX_DEPLOYMENT_TARGET = 13.3;
				MTL_ENABLE_DEBUG_INFO = NO;
				MTL_FAST_MATH = YES;
				SDKROOT = macosx;
				SWIFT_COMPILATION_MODE = wholemodule;
				SWIFT_OPTIMIZATION_LEVEL = "-O";
			};
			name = Release;
		};
		AEEBD54B2A4C694400F467DD /* Debug */ = {
			isa = XCBuildConfiguration;
			buildSettings = {
				ASSETCATALOG_COMPILER_APPICON_NAME = AppIcon;
				ASSETCATALOG_COMPILER_GLOBAL_ACCENT_COLOR_NAME = AccentColor;
				CLANG_ENABLE_MODULES = YES;
				CODE_SIGN_ENTITLEMENTS = Application/Resources/nemosprite.entitlements;
				CODE_SIGN_STYLE = Automatic;
				COMBINE_HIDPI_IMAGES = YES;
				CURRENT_PROJECT_VERSION = 1;
				DEVELOPMENT_TEAM = F325FKC3ZQ;
				ENABLE_HARDENED_RUNTIME = YES;
				GENERATE_INFOPLIST_FILE = YES;
				INFOPLIST_FILE = Application/Resources/Info.plist;
				INFOPLIST_KEY_NSHumanReadableCopyright = "";
				INFOPLIST_KEY_NSMainStoryboardFile = Main;
				INFOPLIST_KEY_NSPrincipalClass = NSApplication;
				LD_RUNPATH_SEARCH_PATHS = (
					"$(inherited)",
					"@executable_path/../Frameworks",
				);
				LIBRARY_SEARCH_PATHS = (
					"$(inherited)",
					"$(PROJECT_DIR)/Backend/Zig/zig-out/lib",
				);
				MARKETING_VERSION = 1.0;
				PRODUCT_BUNDLE_IDENTIFIER = com.dmbfm.nemosprite;
				PRODUCT_NAME = "$(TARGET_NAME)";
				SWIFT_EMIT_LOC_STRINGS = YES;
				SWIFT_OBJC_BRIDGING_HEADER = "Application/Bridging-Header.h";
				SWIFT_OPTIMIZATION_LEVEL = "-Onone";
				SWIFT_VERSION = 5.0;
			};
			name = Debug;
		};
		AEEBD54C2A4C694400F467DD /* Release */ = {
			isa = XCBuildConfiguration;
			buildSettings = {
				ASSETCATALOG_COMPILER_APPICON_NAME = AppIcon;
				ASSETCATALOG_COMPILER_GLOBAL_ACCENT_COLOR_NAME = AccentColor;
				CLANG_ENABLE_MODULES = YES;
				CODE_SIGN_ENTITLEMENTS = Application/Resources/nemosprite.entitlements;
				CODE_SIGN_STYLE = Automatic;
				COMBINE_HIDPI_IMAGES = YES;
				CURRENT_PROJECT_VERSION = 1;
				DEVELOPMENT_TEAM = F325FKC3ZQ;
				ENABLE_HARDENED_RUNTIME = YES;
				GENERATE_INFOPLIST_FILE = YES;
				INFOPLIST_FILE = Application/Resources/Info.plist;
				INFOPLIST_KEY_NSHumanReadableCopyright = "";
				INFOPLIST_KEY_NSMainStoryboardFile = Main;
				INFOPLIST_KEY_NSPrincipalClass = NSApplication;
				LD_RUNPATH_SEARCH_PATHS = (
					"$(inherited)",
					"@executable_path/../Frameworks",
				);
				LIBRARY_SEARCH_PATHS = (
					"$(inherited)",
					"$(PROJECT_DIR)/Backend/Zig/zig-out/lib",
				);
				MARKETING_VERSION = 1.0;
				PRODUCT_BUNDLE_IDENTIFIER = com.dmbfm.nemosprite;
				PRODUCT_NAME = "$(TARGET_NAME)";
				SWIFT_EMIT_LOC_STRINGS = YES;
				SWIFT_OBJC_BRIDGING_HEADER = "Application/Bridging-Header.h";
				SWIFT_VERSION = 5.0;
			};
			name = Release;
		};
/* End XCBuildConfiguration section */

/* Begin XCConfigurationList section */
		AEEBD5332A4C694200F467DD /* Build configuration list for PBXProject "nemosprite" */ = {
			isa = XCConfigurationList;
			buildConfigurations = (
				AEEBD5482A4C694400F467DD /* Debug */,
				AEEBD5492A4C694400F467DD /* Release */,
			);
			defaultConfigurationIsVisible = 0;
			defaultConfigurationName = Release;
		};
		AEEBD54A2A4C694400F467DD /* Build configuration list for PBXNativeTarget "nemosprite" */ = {
			isa = XCConfigurationList;
			buildConfigurations = (
				AEEBD54B2A4C694400F467DD /* Debug */,
				AEEBD54C2A4C694400F467DD /* Release */,
			);
			defaultConfigurationIsVisible = 0;
			defaultConfigurationName = Release;
		};
/* End XCConfigurationList section */
	};
	rootObject = AEEBD5302A4C694200F467DD /* Project object */;
}
